
Microsoft Visual Studio Solution File, Format Version 12.00
# Visual Studio 14
VisualStudioVersion = 14.0.25420.1
MinimumVisualStudioVersion = 10.0.40219.1
Project("{2150E333-8FDC-42A3-9474-1A3956D46DE8}") = "Native", "Native", "{00465E09-39B3-4F6B-B5DB-3B8EB9BB8A29}"
	ProjectSection(SolutionItems) = preProject
		native\CMakeLists.txt = native\CMakeLists.txt
		native\macros.cmake = native\macros.cmake
		native\inc\TchVersion.h = native\inc\TchVersion.h
	EndProjectSection
EndProject
Project("{2150E333-8FDC-42A3-9474-1A3956D46DE8}") = "CLI", "CLI", "{D1B7BDF8-7E68-4B0B-A946-C6D0EA208C91}"
EndProject
Project("{2150E333-8FDC-42A3-9474-1A3956D46DE8}") = "Test", "Test", "{9DFBCFB6-795B-4BEC-A978-803FEEE4DEA8}"
EndProject
Project("{8BB2217D-0F2D-49D1-97BC-3654ED321F3B}") = "TchApp.HttpSimulator", "CLS\TchApp.HttpSimulator\TchApp.HttpSimulator.xproj", "{12A0E352-75C6-4F0F-B587-7563155706CB}"
EndProject
Project("{8BB2217D-0F2D-49D1-97BC-3654ED321F3B}") = "TchApp.TchClient", "CLS\TchApp.TchClient\TchApp.TchClient.xproj", "{EF4024F8-5022-4B2F-95CF-55F72BE9285B}"
EndProject
Project("{8BB2217D-0F2D-49D1-97BC-3654ED321F3B}") = "tchclient", "Test\tchclient\tchclient.xproj", "{5B082A11-838F-4637-8ED0-ED983AA34A8E}"
EndProject
Project("{8BC9CEB8-8B4A-11D0-8D11-00A0C91BC942}") = "tchsubprocess", "native\tchsubprocess\TchApp.Subprocess.vcxproj", "{681249A3-032F-448F-95D6-A13A1D3020D4}"
	ProjectSection(ProjectDependencies) = postProject
		{90751E0A-F552-4EA3-BBD9-5918AE99A6BF} = {90751E0A-F552-4EA3-BBD9-5918AE99A6BF}
	EndProjectSection
EndProject
Project("{8BC9CEB8-8B4A-11D0-8D11-00A0C91BC942}") = "tchmain", "native\tchmain\TchApp.Main.vcxproj", "{B16F1D10-5CD2-4ACA-8A17-50387B0F98C6}"
EndProject
Project("{8BC9CEB8-8B4A-11D0-8D11-00A0C91BC942}") = "libtch_dll", "native\libtch_dll\libtch_dll.vcxproj", "{90751E0A-F552-4EA3-BBD9-5918AE99A6BF}"
EndProject
Project("{2150E333-8FDC-42A3-9474-1A3956D46DE8}") = "Solution Items", "Solution Items", "{936DB84D-86A7-46AB-819A-508E441627B7}"
	ProjectSection(SolutionItems) = preProject
		global.json = global.json
		Microsoft.AspNetCore.Razor.dll = Microsoft.AspNetCore.Razor.dll
		T4DTEHelper.t4 = T4DTEHelper.t4
	EndProjectSection
EndProject
Project("{2150E333-8FDC-42A3-9474-1A3956D46DE8}") = "Simple", "Simple", "{EC82F0D3-8C6F-496E-B811-938B9222D19C}"
EndProject
Project("{8BB2217D-0F2D-49D1-97BC-3654ED321F3B}") = "TchApp.Simple.Hello", "simple\TchApp.Simple.Hello\TchApp.Simple.Hello.xproj", "{3A487132-A1D9-4BD8-93B7-64D46B7FD9E4}"
EndProject
Project("{8BB2217D-0F2D-49D1-97BC-3654ED321F3B}") = "TchApp.Simple.MVC", "simple\TchApp.Simple.MVC\TchApp.Simple.MVC.xproj", "{924168BF-A9C5-48EE-85B9-3459A220B609}"
EndProject
Project("{FAE04EC0-301F-11D3-BF4B-00C04F79EFBC}") = "CmdTest", "test\CmdTest\CmdTest.csproj", "{8CD4564F-45E9-44C4-8CDE-E96158A188D9}"
EndProject
Project("{8BC9CEB8-8B4A-11D0-8D11-00A0C91BC942}") = "tchclient", "native\tchclient\tchclient.vcxproj", "{93B1C0BC-9F8C-406C-90B0-92AD0E6698E3}"
EndProject
Project("{2150E333-8FDC-42A3-9474-1A3956D46DE8}") = "cmake", "cmake", "{0F8F46F9-4A2E-4441-A04D-1DDC1439233E}"
	ProjectSection(SolutionItems) = preProject
		native\cmake\cef_macros.cmake = native\cmake\cef_macros.cmake
		native\cmake\cef_variables.cmake = native\cmake\cef_variables.cmake
		native\cmake\FindCEF.cmake = native\cmake\FindCEF.cmake
	EndProjectSection
EndProject
Global
	GlobalSection(SolutionConfigurationPlatforms) = preSolution
		Debug|Any CPU = Debug|Any CPU
		Debug|x64 = Debug|x64
		Debug|x86 = Debug|x86
		Release|Any CPU = Release|Any CPU
		Release|x64 = Release|x64
		Release|x86 = Release|x86
	EndGlobalSection
	GlobalSection(ProjectConfigurationPlatforms) = postSolution
		{12A0E352-75C6-4F0F-B587-7563155706CB}.Debug|Any CPU.ActiveCfg = Debug|Any CPU
		{12A0E352-75C6-4F0F-B587-7563155706CB}.Debug|Any CPU.Build.0 = Debug|Any CPU
		{12A0E352-75C6-4F0F-B587-7563155706CB}.Debug|x64.ActiveCfg = Debug|Any CPU
		{12A0E352-75C6-4F0F-B587-7563155706CB}.Debug|x64.Build.0 = Debug|Any CPU
		{12A0E352-75C6-4F0F-B587-7563155706CB}.Debug|x86.ActiveCfg = Debug|Any CPU
		{12A0E352-75C6-4F0F-B587-7563155706CB}.Debug|x86.Build.0 = Debug|Any CPU
		{12A0E352-75C6-4F0F-B587-7563155706CB}.Release|Any CPU.ActiveCfg = Release|Any CPU
		{12A0E352-75C6-4F0F-B587-7563155706CB}.Release|Any CPU.Build.0 = Release|Any CPU
		{12A0E352-75C6-4F0F-B587-7563155706CB}.Release|x64.ActiveCfg = Release|Any CPU
		{12A0E352-75C6-4F0F-B587-7563155706CB}.Release|x64.Build.0 = Release|Any CPU
		{12A0E352-75C6-4F0F-B587-7563155706CB}.Release|x86.ActiveCfg = Release|Any CPU
		{12A0E352-75C6-4F0F-B587-7563155706CB}.Release|x86.Build.0 = Release|Any CPU
		{EF4024F8-5022-4B2F-95CF-55F72BE9285B}.Debug|Any CPU.ActiveCfg = Debug|Any CPU
		{EF4024F8-5022-4B2F-95CF-55F72BE9285B}.Debug|Any CPU.Build.0 = Debug|Any CPU
		{EF4024F8-5022-4B2F-95CF-55F72BE9285B}.Debug|x64.ActiveCfg = Debug|Any CPU
		{EF4024F8-5022-4B2F-95CF-55F72BE9285B}.Debug|x64.Build.0 = Debug|Any CPU
		{EF4024F8-5022-4B2F-95CF-55F72BE9285B}.Debug|x86.ActiveCfg = Debug|Any CPU
		{EF4024F8-5022-4B2F-95CF-55F72BE9285B}.Debug|x86.Build.0 = Debug|Any CPU
		{EF4024F8-5022-4B2F-95CF-55F72BE9285B}.Release|Any CPU.ActiveCfg = Release|Any CPU
		{EF4024F8-5022-4B2F-95CF-55F72BE9285B}.Release|Any CPU.Build.0 = Release|Any CPU
		{EF4024F8-5022-4B2F-95CF-55F72BE9285B}.Release|x64.ActiveCfg = Release|Any CPU
		{EF4024F8-5022-4B2F-95CF-55F72BE9285B}.Release|x64.Build.0 = Release|Any CPU
		{EF4024F8-5022-4B2F-95CF-55F72BE9285B}.Release|x86.ActiveCfg = Release|Any CPU
		{EF4024F8-5022-4B2F-95CF-55F72BE9285B}.Release|x86.Build.0 = Release|Any CPU
		{5B082A11-838F-4637-8ED0-ED983AA34A8E}.Debug|Any CPU.ActiveCfg = Debug|Any CPU
		{5B082A11-838F-4637-8ED0-ED983AA34A8E}.Debug|Any CPU.Build.0 = Debug|Any CPU
		{5B082A11-838F-4637-8ED0-ED983AA34A8E}.Debug|x64.ActiveCfg = Debug|Any CPU
		{5B082A11-838F-4637-8ED0-ED983AA34A8E}.Debug|x64.Build.0 = Debug|Any CPU
		{5B082A11-838F-4637-8ED0-ED983AA34A8E}.Debug|x86.ActiveCfg = Debug|Any CPU
		{5B082A11-838F-4637-8ED0-ED983AA34A8E}.Debug|x86.Build.0 = Debug|Any CPU
		{5B082A11-838F-4637-8ED0-ED983AA34A8E}.Release|Any CPU.ActiveCfg = Release|Any CPU
		{5B082A11-838F-4637-8ED0-ED983AA34A8E}.Release|Any CPU.Build.0 = Release|Any CPU
		{5B082A11-838F-4637-8ED0-ED983AA34A8E}.Release|x64.ActiveCfg = Release|Any CPU
		{5B082A11-838F-4637-8ED0-ED983AA34A8E}.Release|x64.Build.0 = Release|Any CPU
		{5B082A11-838F-4637-8ED0-ED983AA34A8E}.Release|x86.ActiveCfg = Release|Any CPU
		{5B082A11-838F-4637-8ED0-ED983AA34A8E}.Release|x86.Build.0 = Release|Any CPU
		{681249A3-032F-448F-95D6-A13A1D3020D4}.Debug|Any CPU.ActiveCfg = Debug|Win32
		{681249A3-032F-448F-95D6-A13A1D3020D4}.Debug|x64.ActiveCfg = Debug|x64
		{681249A3-032F-448F-95D6-A13A1D3020D4}.Debug|x64.Build.0 = Debug|x64
		{681249A3-032F-448F-95D6-A13A1D3020D4}.Debug|x86.ActiveCfg = Debug|Win32
		{681249A3-032F-448F-95D6-A13A1D3020D4}.Debug|x86.Build.0 = Debug|Win32
		{681249A3-032F-448F-95D6-A13A1D3020D4}.Release|Any CPU.ActiveCfg = Release|Win32
		{681249A3-032F-448F-95D6-A13A1D3020D4}.Release|x64.ActiveCfg = Release|x64
		{681249A3-032F-448F-95D6-A13A1D3020D4}.Release|x64.Build.0 = Release|x64
		{681249A3-032F-448F-95D6-A13A1D3020D4}.Release|x86.ActiveCfg = Release|Win32
		{681249A3-032F-448F-95D6-A13A1D3020D4}.Release|x86.Build.0 = Release|Win32
		{B16F1D10-5CD2-4ACA-8A17-50387B0F98C6}.Debug|Any CPU.ActiveCfg = Debug|Win32
		{B16F1D10-5CD2-4ACA-8A17-50387B0F98C6}.Debug|x64.ActiveCfg = Debug|x64
		{B16F1D10-5CD2-4ACA-8A17-50387B0F98C6}.Debug|x64.Build.0 = Debug|x64
		{B16F1D10-5CD2-4ACA-8A17-50387B0F98C6}.Debug|x86.ActiveCfg = Debug|Win32
		{B16F1D10-5CD2-4ACA-8A17-50387B0F98C6}.Debug|x86.Build.0 = Debug|Win32
		{B16F1D10-5CD2-4ACA-8A17-50387B0F98C6}.Release|Any CPU.ActiveCfg = Release|Win32
		{B16F1D10-5CD2-4ACA-8A17-50387B0F98C6}.Release|x64.ActiveCfg = Release|x64
		{B16F1D10-5CD2-4ACA-8A17-50387B0F98C6}.Release|x64.Build.0 = Release|x64
		{B16F1D10-5CD2-4ACA-8A17-50387B0F98C6}.Release|x86.ActiveCfg = Release|Win32
		{B16F1D10-5CD2-4ACA-8A17-50387B0F98C6}.Release|x86.Build.0 = Release|Win32
		{90751E0A-F552-4EA3-BBD9-5918AE99A6BF}.Debug|Any CPU.ActiveCfg = Debug|Win32
		{90751E0A-F552-4EA3-BBD9-5918AE99A6BF}.Debug|x64.ActiveCfg = Debug|x64
		{90751E0A-F552-4EA3-BBD9-5918AE99A6BF}.Debug|x64.Build.0 = Debug|x64
		{90751E0A-F552-4EA3-BBD9-5918AE99A6BF}.Debug|x86.ActiveCfg = Debug|Win32
		{90751E0A-F552-4EA3-BBD9-5918AE99A6BF}.Debug|x86.Build.0 = Debug|Win32
		{90751E0A-F552-4EA3-BBD9-5918AE99A6BF}.Release|Any CPU.ActiveCfg = Release|Win32
		{90751E0A-F552-4EA3-BBD9-5918AE99A6BF}.Release|x64.ActiveCfg = Release|x64
		{90751E0A-F552-4EA3-BBD9-5918AE99A6BF}.Release|x64.Build.0 = Release|x64
		{90751E0A-F552-4EA3-BBD9-5918AE99A6BF}.Release|x86.ActiveCfg = Release|Win32
		{90751E0A-F552-4EA3-BBD9-5918AE99A6BF}.Release|x86.Build.0 = Release|Win32
		{3A487132-A1D9-4BD8-93B7-64D46B7FD9E4}.Debug|Any CPU.ActiveCfg = Debug|Any CPU
		{3A487132-A1D9-4BD8-93B7-64D46B7FD9E4}.Debug|Any CPU.Build.0 = Debug|Any CPU
		{3A487132-A1D9-4BD8-93B7-64D46B7FD9E4}.Debug|x64.ActiveCfg = Debug|Any CPU
		{3A487132-A1D9-4BD8-93B7-64D46B7FD9E4}.Debug|x64.Build.0 = Debug|Any CPU
		{3A487132-A1D9-4BD8-93B7-64D46B7FD9E4}.Debug|x86.ActiveCfg = Debug|Any CPU
		{3A487132-A1D9-4BD8-93B7-64D46B7FD9E4}.Debug|x86.Build.0 = Debug|Any CPU
		{3A487132-A1D9-4BD8-93B7-64D46B7FD9E4}.Release|Any CPU.ActiveCfg = Release|Any CPU
		{3A487132-A1D9-4BD8-93B7-64D46B7FD9E4}.Release|Any CPU.Build.0 = Release|Any CPU
		{3A487132-A1D9-4BD8-93B7-64D46B7FD9E4}.Release|x64.ActiveCfg = Release|Any CPU
		{3A487132-A1D9-4BD8-93B7-64D46B7FD9E4}.Release|x64.Build.0 = Release|Any CPU
		{3A487132-A1D9-4BD8-93B7-64D46B7FD9E4}.Release|x86.ActiveCfg = Release|Any CPU
		{3A487132-A1D9-4BD8-93B7-64D46B7FD9E4}.Release|x86.Build.0 = Release|Any CPU
		{924168BF-A9C5-48EE-85B9-3459A220B609}.Debug|Any CPU.ActiveCfg = Debug|Any CPU
		{924168BF-A9C5-48EE-85B9-3459A220B609}.Debug|Any CPU.Build.0 = Debug|Any CPU
		{924168BF-A9C5-48EE-85B9-3459A220B609}.Debug|x64.ActiveCfg = Debug|Any CPU
		{924168BF-A9C5-48EE-85B9-3459A220B609}.Debug|x64.Build.0 = Debug|Any CPU
		{924168BF-A9C5-48EE-85B9-3459A220B609}.Debug|x86.ActiveCfg = Debug|Any CPU
		{924168BF-A9C5-48EE-85B9-3459A220B609}.Debug|x86.Build.0 = Debug|Any CPU
		{924168BF-A9C5-48EE-85B9-3459A220B609}.Release|Any CPU.ActiveCfg = Release|Any CPU
		{924168BF-A9C5-48EE-85B9-3459A220B609}.Release|Any CPU.Build.0 = Release|Any CPU
		{924168BF-A9C5-48EE-85B9-3459A220B609}.Release|x64.ActiveCfg = Release|Any CPU
		{924168BF-A9C5-48EE-85B9-3459A220B609}.Release|x64.Build.0 = Release|Any CPU
		{924168BF-A9C5-48EE-85B9-3459A220B609}.Release|x86.ActiveCfg = Release|Any CPU
		{924168BF-A9C5-48EE-85B9-3459A220B609}.Release|x86.Build.0 = Release|Any CPU
		{8CD4564F-45E9-44C4-8CDE-E96158A188D9}.Debug|Any CPU.ActiveCfg = Debug|Any CPU
		{8CD4564F-45E9-44C4-8CDE-E96158A188D9}.Debug|Any CPU.Build.0 = Debug|Any CPU
		{8CD4564F-45E9-44C4-8CDE-E96158A188D9}.Debug|x64.ActiveCfg = Debug|Any CPU
		{8CD4564F-45E9-44C4-8CDE-E96158A188D9}.Debug|x64.Build.0 = Debug|Any CPU
		{8CD4564F-45E9-44C4-8CDE-E96158A188D9}.Debug|x86.ActiveCfg = Debug|Any CPU
		{8CD4564F-45E9-44C4-8CDE-E96158A188D9}.Debug|x86.Build.0 = Debug|Any CPU
		{8CD4564F-45E9-44C4-8CDE-E96158A188D9}.Release|Any CPU.ActiveCfg = Release|Any CPU
		{8CD4564F-45E9-44C4-8CDE-E96158A188D9}.Release|Any CPU.Build.0 = Release|Any CPU
		{8CD4564F-45E9-44C4-8CDE-E96158A188D9}.Release|x64.ActiveCfg = Release|Any CPU
		{8CD4564F-45E9-44C4-8CDE-E96158A188D9}.Release|x64.Build.0 = Release|Any CPU
		{8CD4564F-45E9-44C4-8CDE-E96158A188D9}.Release|x86.ActiveCfg = Release|Any CPU
		{8CD4564F-45E9-44C4-8CDE-E96158A188D9}.Release|x86.Build.0 = Release|Any CPU
		{93B1C0BC-9F8C-406C-90B0-92AD0E6698E3}.Debug|Any CPU.ActiveCfg = Debug|Win32
		{93B1C0BC-9F8C-406C-90B0-92AD0E6698E3}.Debug|x64.ActiveCfg = Debug|x64
		{93B1C0BC-9F8C-406C-90B0-92AD0E6698E3}.Debug|x64.Build.0 = Debug|x64
		{93B1C0BC-9F8C-406C-90B0-92AD0E6698E3}.Debug|x86.ActiveCfg = Debug|Win32
		{93B1C0BC-9F8C-406C-90B0-92AD0E6698E3}.Debug|x86.Build.0 = Debug|Win32
		{93B1C0BC-9F8C-406C-90B0-92AD0E6698E3}.Release|Any CPU.ActiveCfg = Release|Win32
		{93B1C0BC-9F8C-406C-90B0-92AD0E6698E3}.Release|x64.ActiveCfg = Release|x64
		{93B1C0BC-9F8C-406C-90B0-92AD0E6698E3}.Release|x64.Build.0 = Release|x64
		{93B1C0BC-9F8C-406C-90B0-92AD0E6698E3}.Release|x86.ActiveCfg = Release|Win32
		{93B1C0BC-9F8C-406C-90B0-92AD0E6698E3}.Release|x86.Build.0 = Release|Win32
	EndGlobalSection
	GlobalSection(SolutionProperties) = preSolution
		HideSolutionNode = FALSE
	EndGlobalSection
	GlobalSection(NestedProjects) = preSolution
		{12A0E352-75C6-4F0F-B587-7563155706CB} = {D1B7BDF8-7E68-4B0B-A946-C6D0EA208C91}
		{EF4024F8-5022-4B2F-95CF-55F72BE9285B} = {D1B7BDF8-7E68-4B0B-A946-C6D0EA208C91}
		{5B082A11-838F-4637-8ED0-ED983AA34A8E} = {9DFBCFB6-795B-4BEC-A978-803FEEE4DEA8}
		{681249A3-032F-448F-95D6-A13A1D3020D4} = {00465E09-39B3-4F6B-B5DB-3B8EB9BB8A29}
		{B16F1D10-5CD2-4ACA-8A17-50387B0F98C6} = {00465E09-39B3-4F6B-B5DB-3B8EB9BB8A29}
		{90751E0A-F552-4EA3-BBD9-5918AE99A6BF} = {00465E09-39B3-4F6B-B5DB-3B8EB9BB8A29}
		{3A487132-A1D9-4BD8-93B7-64D46B7FD9E4} = {EC82F0D3-8C6F-496E-B811-938B9222D19C}
		{924168BF-A9C5-48EE-85B9-3459A220B609} = {EC82F0D3-8C6F-496E-B811-938B9222D19C}
		{8CD4564F-45E9-44C4-8CDE-E96158A188D9} = {9DFBCFB6-795B-4BEC-A978-803FEEE4DEA8}
		{93B1C0BC-9F8C-406C-90B0-92AD0E6698E3} = {00465E09-39B3-4F6B-B5DB-3B8EB9BB8A29}
		{0F8F46F9-4A2E-4441-A04D-1DDC1439233E} = {00465E09-39B3-4F6B-B5DB-3B8EB9BB8A29}
	EndGlobalSection
EndGlobal
